
Microsoft Visual Studio Solution File, Format Version 12.00
# Visual Studio Version 17
VisualStudioVersion = 17.13.35913.81 d17.13
MinimumVisualStudioVersion = 10.0.40219.1
Project("{FAE04EC0-301F-11D3-BF4B-00C04F79EFBC}") = "tower", "tower\tower.csproj", "{76BABF91-B7C6-4888-A1F3-EE0FCFB4EC9B}"
EndProject
Global
	GlobalSection(SolutionConfigurationPlatforms) = preSolution
		Debug|Any CPU = Debug|Any CPU
		Release|Any CPU = Release|Any CPU
	EndGlobalSection
	GlobalSection(ProjectConfigurationPlatforms) = postSolution
		{76BABF91-B7C6-4888-A1F3-EE0FCFB4EC9B}.Debug|Any CPU.ActiveCfg = Debug|Any CPU
		{76BABF91-B7C6-4888-A1F3-EE0FCFB4EC9B}.Debug|Any CPU.Build.0 = Debug|Any CPU
		{76BABF91-B7C6-4888-A1F3-EE0FCFB4EC9B}.Release|Any CPU.ActiveCfg = Release|Any CPU
		{76BABF91-B7C6-4888-A1F3-EE0FCFB4EC9B}.Release|Any CPU.Build.0 = Release|Any CPU
	EndGlobalSection
	GlobalSection(SolutionProperties) = preSolution
		HideSolutionNode = FALSE
	EndGlobalSection
	GlobalSection(ExtensibilityGlobals) = postSolution
		SolutionGuid = {40364600-AF2B-4098-A4F7-5008BC8B1CA6}
	EndGlobalSection
EndGlobal
